
Microsoft Visual Studio Solution File, Format Version 12.00
# Visual Studio Version 17
VisualStudioVersion = 17.7.34009.444
MinimumVisualStudioVersion = 10.0.40219.1
Project("{9A19103F-16F7-4668-BE54-9A1E7A4F7556}") = "DevFreela.API", "DevFreela.API\DevFreela.API.csproj", "{403910CE-4653-4835-A376-D3ACC035AE69}"
EndProject
Project("{9A19103F-16F7-4668-BE54-9A1E7A4F7556}") = "DevFreela.Core", "DevFreela.Core\DevFreela.Core.csproj", "{373ADB83-3C52-4306-8C0E-F4DB7A5086F9}"
EndProject
Project("{9A19103F-16F7-4668-BE54-9A1E7A4F7556}") = "DevFreela.infrastructure", "DevFreela.infrastructure\DevFreela.infrastructure.csproj", "{D700F0D2-F2FF-4B12-8B45-796B1F41C106}"
EndProject
Project("{FAE04EC0-301F-11D3-BF4B-00C04F79EFBC}") = "DevFreela.Application", "DevFreela.Application\DevFreela.Application.csproj", "{EF8AA06A-B25D-4BCF-9968-DAD2FF5B16F7}"
EndProject
Global
	GlobalSection(SolutionConfigurationPlatforms) = preSolution
		Debug|Any CPU = Debug|Any CPU
		Release|Any CPU = Release|Any CPU
	EndGlobalSection
	GlobalSection(ProjectConfigurationPlatforms) = postSolution
		{403910CE-4653-4835-A376-D3ACC035AE69}.Debug|Any CPU.ActiveCfg = Debug|Any CPU
		{403910CE-4653-4835-A376-D3ACC035AE69}.Debug|Any CPU.Build.0 = Debug|Any CPU
		{403910CE-4653-4835-A376-D3ACC035AE69}.Release|Any CPU.ActiveCfg = Release|Any CPU
		{403910CE-4653-4835-A376-D3ACC035AE69}.Release|Any CPU.Build.0 = Release|Any CPU
		{373ADB83-3C52-4306-8C0E-F4DB7A5086F9}.Debug|Any CPU.ActiveCfg = Debug|Any CPU
		{373ADB83-3C52-4306-8C0E-F4DB7A5086F9}.Debug|Any CPU.Build.0 = Debug|Any CPU
		{373ADB83-3C52-4306-8C0E-F4DB7A5086F9}.Release|Any CPU.ActiveCfg = Release|Any CPU
		{373ADB83-3C52-4306-8C0E-F4DB7A5086F9}.Release|Any CPU.Build.0 = Release|Any CPU
		{D700F0D2-F2FF-4B12-8B45-796B1F41C106}.Debug|Any CPU.ActiveCfg = Debug|Any CPU
		{D700F0D2-F2FF-4B12-8B45-796B1F41C106}.Debug|Any CPU.Build.0 = Debug|Any CPU
		{D700F0D2-F2FF-4B12-8B45-796B1F41C106}.Release|Any CPU.ActiveCfg = Release|Any CPU
		{D700F0D2-F2FF-4B12-8B45-796B1F41C106}.Release|Any CPU.Build.0 = Release|Any CPU
		{EF8AA06A-B25D-4BCF-9968-DAD2FF5B16F7}.Debug|Any CPU.ActiveCfg = Debug|Any CPU
		{EF8AA06A-B25D-4BCF-9968-DAD2FF5B16F7}.Debug|Any CPU.Build.0 = Debug|Any CPU
		{EF8AA06A-B25D-4BCF-9968-DAD2FF5B16F7}.Release|Any CPU.ActiveCfg = Release|Any CPU
		{EF8AA06A-B25D-4BCF-9968-DAD2FF5B16F7}.Release|Any CPU.Build.0 = Release|Any CPU
	EndGlobalSection
	GlobalSection(SolutionProperties) = preSolution
		HideSolutionNode = FALSE
	EndGlobalSection
	GlobalSection(ExtensibilityGlobals) = postSolution
		SolutionGuid = {ECE8908C-60F0-4A1D-9E9B-AE627F9ADE67}
	EndGlobalSection
EndGlobal
